{
  "name": "sigmajs_v2",
  "lockfileVersion": 2,
  "requires": true,
  "packages": {
    "": {
      "dependencies": {
        "@sigma/node-border": "^3.0.0-beta.3"
      }
    },
    "node_modules/@sigma/node-border": {
      "version": "3.0.0-beta.3",
      "resolved": "https://registry.npmjs.org/@sigma/node-border/-/node-border-3.0.0-beta.3.tgz",
      "integrity": "sha512-S+W5rnaZi0hLEyfU7CZMUXh8XiuCZhosSVoEKapMMeDRSXZ3HdcD9w8n5L6eHpMyiuFh9Ii53pJjcQwStafS0w==",
      "peerDependencies": {
        "sigma": ">=3.0.0-beta.17"
      }
    },
    "node_modules/events": {
      "version": "3.3.0",
      "resolved": "https://registry.npmjs.org/events/-/events-3.3.0.tgz",
      "integrity": "sha512-mQw+2fkQbALzQ7V0MY0IqdnXNOeTtP4r0lN9z7AAawCXgqea7bDii20AYrIBrFd/Hx0M2Ocz6S111CaFkUcb0Q==",
      "peer": true,
      "engines": {
        "node": ">=0.8.x"
      }
    },
    "node_modules/graphology-types": {
      "version": "0.24.7",
      "resolved": "https://registry.npmjs.org/graphology-types/-/graphology-types-0.24.7.tgz",
      "integrity": "sha512-tdcqOOpwArNjEr0gNQKCXwaNCWnQJrog14nJNQPeemcLnXQUUGrsCWpWkVKt46zLjcS6/KGoayeJfHHyPDlvwA==",
      "peer": true
    },
    "node_modules/graphology-utils": {
      "version": "2.5.2",
      "resolved": "https://registry.npmjs.org/graphology-utils/-/graphology-utils-2.5.2.tgz",
      "integrity": "sha512-ckHg8MXrXJkOARk56ZaSCM1g1Wihe2d6iTmz1enGOz4W/l831MBCKSayeFQfowgF8wd+PQ4rlch/56Vs/VZLDQ==",
      "peer": true,
      "peerDependencies": {
        "graphology-types": ">=0.23.0"
      }
    },
    "node_modules/sigma": {
      "version": "3.0.0-beta.18",
      "resolved": "https://registry.npmjs.org/sigma/-/sigma-3.0.0-beta.18.tgz",
      "integrity": "sha512-ISJ8e68IdZYttiynbXCvepqXNadUj0jdLwlhRVITJE7sXopIk8TSycte9/uNE5VTQK7NG5dtQlIJS+pp9UPCYQ==",
      "peer": true,
      "dependencies": {
        "events": "^3.3.0",
        "graphology-utils": "^2.5.2"
      }
    }
  },
  "dependencies": {
    "@sigma/node-border": {
      "version": "3.0.0-beta.3",
      "resolved": "https://registry.npmjs.org/@sigma/node-border/-/node-border-3.0.0-beta.3.tgz",
      "integrity": "sha512-S+W5rnaZi0hLEyfU7CZMUXh8XiuCZhosSVoEKapMMeDRSXZ3HdcD9w8n5L6eHpMyiuFh9Ii53pJjcQwStafS0w==",
      "requires": {}
    },
    "events": {
      "version": "3.3.0",
      "resolved": "https://registry.npmjs.org/events/-/events-3.3.0.tgz",
      "integrity": "sha512-mQw+2fkQbALzQ7V0MY0IqdnXNOeTtP4r0lN9z7AAawCXgqea7bDii20AYrIBrFd/Hx0M2Ocz6S111CaFkUcb0Q==",
      "peer": true
    },
    "graphology-types": {
      "version": "0.24.7",
      "resolved": "https://registry.npmjs.org/graphology-types/-/graphology-types-0.24.7.tgz",
      "integrity": "sha512-tdcqOOpwArNjEr0gNQKCXwaNCWnQJrog14nJNQPeemcLnXQUUGrsCWpWkVKt46zLjcS6/KGoayeJfHHyPDlvwA==",
      "peer": true
    },
    "graphology-utils": {
      "version": "2.5.2",
      "resolved": "https://registry.npmjs.org/graphology-utils/-/graphology-utils-2.5.2.tgz",
      "integrity": "sha512-ckHg8MXrXJkOARk56ZaSCM1g1Wihe2d6iTmz1enGOz4W/l831MBCKSayeFQfowgF8wd+PQ4rlch/56Vs/VZLDQ==",
      "peer": true,
      "requires": {}
    },
    "sigma": {
      "version": "3.0.0-beta.18",
      "resolved": "https://registry.npmjs.org/sigma/-/sigma-3.0.0-beta.18.tgz",
      "integrity": "sha512-ISJ8e68IdZYttiynbXCvepqXNadUj0jdLwlhRVITJE7sXopIk8TSycte9/uNE5VTQK7NG5dtQlIJS+pp9UPCYQ==",
      "peer": true,
      "requires": {
        "events": "^3.3.0",
        "graphology-utils": "^2.5.2"
      }
    }
  }
}
